
Microsoft Visual Studio Solution File, Format Version 12.00
# Visual Studio Version 17
VisualStudioVersion = 17.3.32929.385
MinimumVisualStudioVersion = 10.0.40219.1
Project("{8BC9CEB8-8B4A-11D0-8D11-00A0C91BC942}") = "aComClient", "aComClient\aComClient.vcxproj", "{51D740FA-5196-4325-9EB9-7324DEC72ADE}"
EndProject
Project("{8BC9CEB8-8B4A-11D0-8D11-00A0C91BC942}") = "aComServer", "aComServer\aComServer.vcxproj", "{9C25758D-9747-4E00-9D29-6AE4BB25E8DD}"
EndProject
Project("{8BC9CEB8-8B4A-11D0-8D11-00A0C91BC942}") = "bRpcClient", "bRpcClient\bRpcClient.vcxproj", "{4CD7BF69-9BC1-451B-8B46-EBA54FBA93A6}"
EndProject
Project("{8BC9CEB8-8B4A-11D0-8D11-00A0C91BC942}") = "bRpcServer", "bRpcServer\bRpcServer.vcxproj", "{758DB128-9123-4E1B-A6C3-47323714123A}"
EndProject
Project("{8BC9CEB8-8B4A-11D0-8D11-00A0C91BC942}") = "bRpcIdl", "bRpcIdl\bRpcIdl.vcxproj", "{6536EBEC-014E-4D6B-97BE-223137694CA8}"
EndProject
Project("{8BC9CEB8-8B4A-11D0-8D11-00A0C91BC942}") = "bKeyHookerClient", "bKeyHookerClient\bKeyHookerClient.vcxproj", "{C78ED408-2C0B-468B-81E7-303E8328F911}"
EndProject
Project("{8BC9CEB8-8B4A-11D0-8D11-00A0C91BC942}") = "cComClientRpcServer", "cComClientRpcServer\cComClientRpcServer.vcxproj", "{AFCFFD45-D8B0-4025-8E15-DEE1B88FA0B4}"
EndProject
Project("{8BC9CEB8-8B4A-11D0-8D11-00A0C91BC942}") = "cComTargetRpcClient", "cComTargetRpcClient\cComTargetRpcClient.vcxproj", "{DC1B3F49-8EEC-462C-AD29-FA74F6ECE737}"
EndProject
Project("{8BC9CEB8-8B4A-11D0-8D11-00A0C91BC942}") = "cRpcIdl", "cRpcIdl\cRpcIdl.vcxproj", "{FC341E6B-DE4E-48B7-8E46-E5F1906148E6}"
EndProject
Project("{8BC9CEB8-8B4A-11D0-8D11-00A0C91BC942}") = "EventFiringObject", "EventFiringObject\EventFiringObject.vcxproj", "{BED71E01-A219-48B4-99EA-7BFE572C2A6B}"
EndProject
Project("{8BC9CEB8-8B4A-11D0-8D11-00A0C91BC942}") = "TestClient", "TestClient\TestClient.vcxproj", "{A776FEF5-7242-47E0-8FCE-25536973B552}"
EndProject
Project("{8BC9CEB8-8B4A-11D0-8D11-00A0C91BC942}") = "dComIDispatchServer", "dComIDispatchServer\dComIDispatchServer.vcxproj", "{D02A47BF-E0A3-47D3-ABD8-21033D000DD4}"
EndProject
Project("{8BC9CEB8-8B4A-11D0-8D11-00A0C91BC942}") = "dComIDispatchClientVCpp", "dComIDispatchClientVCpp\dComIDispatchClientVCpp.vcxproj", "{CAF86959-1124-4C67-A496-4182E8923101}"
EndProject
Global
	GlobalSection(SolutionConfigurationPlatforms) = preSolution
		Debug|x64 = Debug|x64
		Debug|x86 = Debug|x86
		Release|x64 = Release|x64
		Release|x86 = Release|x86
	EndGlobalSection
	GlobalSection(ProjectConfigurationPlatforms) = postSolution
		{51D740FA-5196-4325-9EB9-7324DEC72ADE}.Debug|x64.ActiveCfg = Debug|x64
		{51D740FA-5196-4325-9EB9-7324DEC72ADE}.Debug|x64.Build.0 = Debug|x64
		{51D740FA-5196-4325-9EB9-7324DEC72ADE}.Debug|x86.ActiveCfg = Debug|Win32
		{51D740FA-5196-4325-9EB9-7324DEC72ADE}.Debug|x86.Build.0 = Debug|Win32
		{51D740FA-5196-4325-9EB9-7324DEC72ADE}.Release|x64.ActiveCfg = Release|x64
		{51D740FA-5196-4325-9EB9-7324DEC72ADE}.Release|x64.Build.0 = Release|x64
		{51D740FA-5196-4325-9EB9-7324DEC72ADE}.Release|x86.ActiveCfg = Release|Win32
		{51D740FA-5196-4325-9EB9-7324DEC72ADE}.Release|x86.Build.0 = Release|Win32
		{9C25758D-9747-4E00-9D29-6AE4BB25E8DD}.Debug|x64.ActiveCfg = Debug|x64
		{9C25758D-9747-4E00-9D29-6AE4BB25E8DD}.Debug|x64.Build.0 = Debug|x64
		{9C25758D-9747-4E00-9D29-6AE4BB25E8DD}.Debug|x86.ActiveCfg = Debug|Win32
		{9C25758D-9747-4E00-9D29-6AE4BB25E8DD}.Debug|x86.Build.0 = Debug|Win32
		{9C25758D-9747-4E00-9D29-6AE4BB25E8DD}.Release|x64.ActiveCfg = Release|x64
		{9C25758D-9747-4E00-9D29-6AE4BB25E8DD}.Release|x64.Build.0 = Release|x64
		{9C25758D-9747-4E00-9D29-6AE4BB25E8DD}.Release|x86.ActiveCfg = Release|Win32
		{9C25758D-9747-4E00-9D29-6AE4BB25E8DD}.Release|x86.Build.0 = Release|Win32
		{4CD7BF69-9BC1-451B-8B46-EBA54FBA93A6}.Debug|x64.ActiveCfg = Debug|x64
		{4CD7BF69-9BC1-451B-8B46-EBA54FBA93A6}.Debug|x64.Build.0 = Debug|x64
		{4CD7BF69-9BC1-451B-8B46-EBA54FBA93A6}.Debug|x86.ActiveCfg = Debug|Win32
		{4CD7BF69-9BC1-451B-8B46-EBA54FBA93A6}.Debug|x86.Build.0 = Debug|Win32
		{4CD7BF69-9BC1-451B-8B46-EBA54FBA93A6}.Release|x64.ActiveCfg = Release|x64
		{4CD7BF69-9BC1-451B-8B46-EBA54FBA93A6}.Release|x64.Build.0 = Release|x64
		{4CD7BF69-9BC1-451B-8B46-EBA54FBA93A6}.Release|x86.ActiveCfg = Release|Win32
		{4CD7BF69-9BC1-451B-8B46-EBA54FBA93A6}.Release|x86.Build.0 = Release|Win32
		{758DB128-9123-4E1B-A6C3-47323714123A}.Debug|x64.ActiveCfg = Debug|x64
		{758DB128-9123-4E1B-A6C3-47323714123A}.Debug|x64.Build.0 = Debug|x64
		{758DB128-9123-4E1B-A6C3-47323714123A}.Debug|x86.ActiveCfg = Debug|Win32
		{758DB128-9123-4E1B-A6C3-47323714123A}.Debug|x86.Build.0 = Debug|Win32
		{758DB128-9123-4E1B-A6C3-47323714123A}.Release|x64.ActiveCfg = Release|x64
		{758DB128-9123-4E1B-A6C3-47323714123A}.Release|x64.Build.0 = Release|x64
		{758DB128-9123-4E1B-A6C3-47323714123A}.Release|x86.ActiveCfg = Release|Win32
		{758DB128-9123-4E1B-A6C3-47323714123A}.Release|x86.Build.0 = Release|Win32
		{6536EBEC-014E-4D6B-97BE-223137694CA8}.Debug|x64.ActiveCfg = Debug|x64
		{6536EBEC-014E-4D6B-97BE-223137694CA8}.Debug|x64.Build.0 = Debug|x64
		{6536EBEC-014E-4D6B-97BE-223137694CA8}.Debug|x86.ActiveCfg = Debug|Win32
		{6536EBEC-014E-4D6B-97BE-223137694CA8}.Debug|x86.Build.0 = Debug|Win32
		{6536EBEC-014E-4D6B-97BE-223137694CA8}.Release|x64.ActiveCfg = Release|x64
		{6536EBEC-014E-4D6B-97BE-223137694CA8}.Release|x64.Build.0 = Release|x64
		{6536EBEC-014E-4D6B-97BE-223137694CA8}.Release|x86.ActiveCfg = Release|Win32
		{6536EBEC-014E-4D6B-97BE-223137694CA8}.Release|x86.Build.0 = Release|Win32
		{C78ED408-2C0B-468B-81E7-303E8328F911}.Debug|x64.ActiveCfg = Debug|x64
		{C78ED408-2C0B-468B-81E7-303E8328F911}.Debug|x64.Build.0 = Debug|x64
		{C78ED408-2C0B-468B-81E7-303E8328F911}.Debug|x86.ActiveCfg = Debug|Win32
		{C78ED408-2C0B-468B-81E7-303E8328F911}.Debug|x86.Build.0 = Debug|Win32
		{C78ED408-2C0B-468B-81E7-303E8328F911}.Release|x64.ActiveCfg = Release|x64
		{C78ED408-2C0B-468B-81E7-303E8328F911}.Release|x64.Build.0 = Release|x64
		{C78ED408-2C0B-468B-81E7-303E8328F911}.Release|x86.ActiveCfg = Release|Win32
		{C78ED408-2C0B-468B-81E7-303E8328F911}.Release|x86.Build.0 = Release|Win32
		{AFCFFD45-D8B0-4025-8E15-DEE1B88FA0B4}.Debug|x64.ActiveCfg = Debug|x64
		{AFCFFD45-D8B0-4025-8E15-DEE1B88FA0B4}.Debug|x64.Build.0 = Debug|x64
		{AFCFFD45-D8B0-4025-8E15-DEE1B88FA0B4}.Debug|x86.ActiveCfg = Debug|Win32
		{AFCFFD45-D8B0-4025-8E15-DEE1B88FA0B4}.Debug|x86.Build.0 = Debug|Win32
		{AFCFFD45-D8B0-4025-8E15-DEE1B88FA0B4}.Release|x64.ActiveCfg = Release|x64
		{AFCFFD45-D8B0-4025-8E15-DEE1B88FA0B4}.Release|x64.Build.0 = Release|x64
		{AFCFFD45-D8B0-4025-8E15-DEE1B88FA0B4}.Release|x86.ActiveCfg = Release|Win32
		{AFCFFD45-D8B0-4025-8E15-DEE1B88FA0B4}.Release|x86.Build.0 = Release|Win32
		{DC1B3F49-8EEC-462C-AD29-FA74F6ECE737}.Debug|x64.ActiveCfg = Debug|x64
		{DC1B3F49-8EEC-462C-AD29-FA74F6ECE737}.Debug|x64.Build.0 = Debug|x64
		{DC1B3F49-8EEC-462C-AD29-FA74F6ECE737}.Debug|x86.ActiveCfg = Debug|Win32
		{DC1B3F49-8EEC-462C-AD29-FA74F6ECE737}.Debug|x86.Build.0 = Debug|Win32
		{DC1B3F49-8EEC-462C-AD29-FA74F6ECE737}.Release|x64.ActiveCfg = Release|x64
		{DC1B3F49-8EEC-462C-AD29-FA74F6ECE737}.Release|x64.Build.0 = Release|x64
		{DC1B3F49-8EEC-462C-AD29-FA74F6ECE737}.Release|x86.ActiveCfg = Release|Win32
		{DC1B3F49-8EEC-462C-AD29-FA74F6ECE737}.Release|x86.Build.0 = Release|Win32
		{FC341E6B-DE4E-48B7-8E46-E5F1906148E6}.Debug|x64.ActiveCfg = Debug|x64
		{FC341E6B-DE4E-48B7-8E46-E5F1906148E6}.Debug|x64.Build.0 = Debug|x64
		{FC341E6B-DE4E-48B7-8E46-E5F1906148E6}.Debug|x86.ActiveCfg = Debug|Win32
		{FC341E6B-DE4E-48B7-8E46-E5F1906148E6}.Debug|x86.Build.0 = Debug|Win32
		{FC341E6B-DE4E-48B7-8E46-E5F1906148E6}.Release|x64.ActiveCfg = Release|x64
		{FC341E6B-DE4E-48B7-8E46-E5F1906148E6}.Release|x64.Build.0 = Release|x64
		{FC341E6B-DE4E-48B7-8E46-E5F1906148E6}.Release|x86.ActiveCfg = Release|Win32
		{FC341E6B-DE4E-48B7-8E46-E5F1906148E6}.Release|x86.Build.0 = Release|Win32
		{BED71E01-A219-48B4-99EA-7BFE572C2A6B}.Debug|x64.ActiveCfg = Debug|x64
		{BED71E01-A219-48B4-99EA-7BFE572C2A6B}.Debug|x64.Build.0 = Debug|x64
		{BED71E01-A219-48B4-99EA-7BFE572C2A6B}.Debug|x86.ActiveCfg = Debug|Win32
		{BED71E01-A219-48B4-99EA-7BFE572C2A6B}.Debug|x86.Build.0 = Debug|Win32
		{BED71E01-A219-48B4-99EA-7BFE572C2A6B}.Release|x64.ActiveCfg = Release|x64
		{BED71E01-A219-48B4-99EA-7BFE572C2A6B}.Release|x64.Build.0 = Release|x64
		{BED71E01-A219-48B4-99EA-7BFE572C2A6B}.Release|x86.ActiveCfg = Release|Win32
		{BED71E01-A219-48B4-99EA-7BFE572C2A6B}.Release|x86.Build.0 = Release|Win32
		{A776FEF5-7242-47E0-8FCE-25536973B552}.Debug|x64.ActiveCfg = Debug|x64
		{A776FEF5-7242-47E0-8FCE-25536973B552}.Debug|x64.Build.0 = Debug|x64
		{A776FEF5-7242-47E0-8FCE-25536973B552}.Debug|x86.ActiveCfg = Debug|Win32
		{A776FEF5-7242-47E0-8FCE-25536973B552}.Debug|x86.Build.0 = Debug|Win32
		{A776FEF5-7242-47E0-8FCE-25536973B552}.Release|x64.ActiveCfg = Release|x64
		{A776FEF5-7242-47E0-8FCE-25536973B552}.Release|x64.Build.0 = Release|x64
		{A776FEF5-7242-47E0-8FCE-25536973B552}.Release|x86.ActiveCfg = Release|Win32
		{A776FEF5-7242-47E0-8FCE-25536973B552}.Release|x86.Build.0 = Release|Win32
		{D02A47BF-E0A3-47D3-ABD8-21033D000DD4}.Debug|x64.ActiveCfg = Debug|x64
		{D02A47BF-E0A3-47D3-ABD8-21033D000DD4}.Debug|x64.Build.0 = Debug|x64
		{D02A47BF-E0A3-47D3-ABD8-21033D000DD4}.Debug|x86.ActiveCfg = Debug|Win32
		{D02A47BF-E0A3-47D3-ABD8-21033D000DD4}.Debug|x86.Build.0 = Debug|Win32
		{D02A47BF-E0A3-47D3-ABD8-21033D000DD4}.Release|x64.ActiveCfg = Release|x64
		{D02A47BF-E0A3-47D3-ABD8-21033D000DD4}.Release|x64.Build.0 = Release|x64
		{D02A47BF-E0A3-47D3-ABD8-21033D000DD4}.Release|x86.ActiveCfg = Release|Win32
		{D02A47BF-E0A3-47D3-ABD8-21033D000DD4}.Release|x86.Build.0 = Release|Win32
		{CAF86959-1124-4C67-A496-4182E8923101}.Debug|x64.ActiveCfg = Debug|x64
		{CAF86959-1124-4C67-A496-4182E8923101}.Debug|x64.Build.0 = Debug|x64
		{CAF86959-1124-4C67-A496-4182E8923101}.Debug|x86.ActiveCfg = Debug|Win32
		{CAF86959-1124-4C67-A496-4182E8923101}.Debug|x86.Build.0 = Debug|Win32
		{CAF86959-1124-4C67-A496-4182E8923101}.Release|x64.ActiveCfg = Release|x64
		{CAF86959-1124-4C67-A496-4182E8923101}.Release|x64.Build.0 = Release|x64
		{CAF86959-1124-4C67-A496-4182E8923101}.Release|x86.ActiveCfg = Release|Win32
		{CAF86959-1124-4C67-A496-4182E8923101}.Release|x86.Build.0 = Release|Win32
	EndGlobalSection
	GlobalSection(SolutionProperties) = preSolution
		HideSolutionNode = FALSE
	EndGlobalSection
	GlobalSection(ExtensibilityGlobals) = postSolution
		SolutionGuid = {C9957B2B-45E3-4EFC-9C98-23F4F09B9695}
	EndGlobalSection
EndGlobal
